# THIS IS AN AUTOGENERATED FILE. DO NOT EDIT THIS FILE DIRECTLY.
# yarn lockfile v1


aac@^0.1.3:
  version "0.1.3"
  resolved "https://registry.npmjs.org/aac/-/aac-0.1.3.tgz"
  integrity sha512-mhkqrzCOMndmoQovW43ry8tkMttuvKcpU0u9/K7zI+lF5NtCY2NE+HwAPiEgd3rHK7IuBT1ZsGL+LKeCPW9btQ==

abc@0.5.x:
  version "0.5.1"
  resolved "https://registry.npmjs.org/abc/-/abc-0.5.1.tgz"
  integrity sha512-WRBP9wjuEdmzw1yFHCVf7Qp/PXSmfuUSX3FSs+5+uLG4qGKmhOPKl8LtZaG0p6xxuB6hX1tIzH4VaHL23+bU5A==

ajv@^4.9.1:
  version "4.11.8"
  resolved "https://registry.npmjs.org/ajv/-/ajv-4.11.8.tgz"
  integrity sha512-I/bSHSNEcFFqXLf91nchoNB9D1Kie3QKcWdchYUaoIg1+1bdWDkdfdlvdIOJbi9U8xR0y+MWc5D+won9v95WlQ==
  dependencies:
    co "^4.6.0"
    json-stable-stringify "^1.0.1"

alac@^0.1.0:
  version "0.1.0"
  resolved "https://registry.npmjs.org/alac/-/alac-0.1.0.tgz"
  integrity sha512-+NBR/Nj/5zndHO7Oz4EOE7Qj+v+hk/0edJerBhjMQRznyjfaYV6/W+tUOOlLTZ0BWWD4p6eb11KKDHoPW5LsCw==

asn1@~0.2.3:
  version "0.2.3"
  resolved "https://registry.npmjs.org/asn1/-/asn1-0.2.3.tgz"
  integrity sha512-6i37w/+EhlWlGUJff3T/Q8u1RGmP5wgbiwYnOnbOqvtrPxT63/sYFyP9RcpxtxGymtfA075IvmOnL7ycNOWl3w==

assert-plus@^0.2.0:
  version "0.2.0"
  resolved "https://registry.npmjs.org/assert-plus/-/assert-plus-0.2.0.tgz"
  integrity sha512-u1L0ZLywRziOVjUhRxI0Qg9G+4RnFB9H/Rq40YWn0dieDgO7vAYeJz6jKAO6t/aruzlDFLAPkQTT87e+f8Imaw==

assert-plus@^1.0.0:
  version "1.0.0"
  resolved "https://registry.npmjs.org/assert-plus/-/assert-plus-1.0.0.tgz"
  integrity sha512-NfJ4UzBCcQGLDlQq7nHxH+tv3kyZ0hHQqF5BO6J7tNJeP5do1llPr8dZ8zHonfhAu0PHAdMkSo+8o0wxg9lZWw==

assert-plus@1.0.0:
  version "1.0.0"
  resolved "https://registry.npmjs.org/assert-plus/-/assert-plus-1.0.0.tgz"
  integrity sha512-NfJ4UzBCcQGLDlQq7nHxH+tv3kyZ0hHQqF5BO6J7tNJeP5do1llPr8dZ8zHonfhAu0PHAdMkSo+8o0wxg9lZWw==

asynckit@^0.4.0:
  version "0.4.0"
  resolved "https://registry.npmjs.org/asynckit/-/asynckit-0.4.0.tgz"
  integrity sha512-Oei9OH4tRh0YqU3GxhX79dM/mwVgvbZJaSNaRk+bshkj0S5cfHcgYakreBjrHwatXKbz+IoIdYLxrKim2MjW0Q==

atob@^2.0.3:
  version "2.0.3"
  resolved "https://registry.npmjs.org/atob/-/atob-2.0.3.tgz"
  integrity sha512-Yxttd2MoIWl3oCSKqG85cu2FkbPtv3P8nDirIpelp4/Pwl7rQ3diJDthXEueFZxxLgjGNrtB2oRej1ONzC9sug==

audio-buffer@^3.1.1, audio-buffer@^3.2.0:
  version "3.2.1"
  resolved "https://registry.npmjs.org/audio-buffer/-/audio-buffer-3.2.1.tgz"
  integrity sha512-yQNZUatQ5dF7h4BezYLy6T9w4LHahMVXrncFZJjI+N44S3O0lEgZcicsSSdvgNk0gLii58Q4gTvSZyohYqRbfw==
  dependencies:
    audio-context "^1.0.0"
    buffer-to-arraybuffer latest
    is-audio-buffer "^1.0.1"
    is-browser "^2.0.1"
    is-buffer "^1.1.0"
    is-plain-obj "^1.1.0"

audio-context@^1.0.0:
  version "1.0.0"
  resolved "https://registry.npmjs.org/audio-context/-/audio-context-1.0.0.tgz"
  integrity sha512-4Hf7yGE4zTCCL09YsAhENx66q9XISxrjLsIchY9f49fVYaw3HMc2I0Y8iFyH9QOYOUAN7+g9K9X3Jp8wAzUMLA==
  dependencies:
    global "^4.3.1"

audio-decode@^1.2.5:
  version "1.2.5"
  resolved "https://registry.npmjs.org/audio-decode/-/audio-decode-1.2.5.tgz"
  integrity sha512-2a9+IGmMlMcQdpjjohui+376WJvvg+RhPyA9DJR6hZyhlVNAeHaZz9EJbElhBZ/OtyuYJco8cM26aa4IiugoXQ==
  dependencies:
    audio-buffer "^3.1.1"
    audio-context "^1.0.0"
    audio-type "^1.0.2"
    av "^0.4.9"
    is-buffer "^1.1.4"
    typedarray-to-buffer "^3.1.2"
    wav-decoder "^1.1.0"
  optionalDependencies:
    aac "^0.1.3"
    alac "^0.1.0"
    flac "^0.3.0"
    mp3 "^0.1.0"

audio-lena@^1.1.0:
  version "1.1.2"
  resolved "https://registry.npmjs.org/audio-lena/-/audio-lena-1.1.2.tgz"
  integrity sha512-7rFabQTR0mWaH1n6E0/d79VE8LHAzkghnMGFtihGbCouvi+Yum+1+2acScLwhFpqQ4d7fwd4rkRLW6IIPEsokA==
  dependencies:
    atob "^2.0.3"

audio-type@^1.0.2:
  version "1.0.2"
  resolved "https://registry.npmjs.org/audio-type/-/audio-type-1.0.2.tgz"
  integrity sha512-vEbOFc2+he+/b5tLmnBINnHUYb3GDzW5tNPa9DHdyKdyLxO0w3V1Dtr9wjLswPXByCCt9uTRu6IzHZ/J/Om4uw==
  dependencies:
    is-flac "^1.1.0"
    is-m4a "^1.1.0"
    is-mp3 "^1.1.0"
    is-ogg "^1.1.0"
    is-wav "^1.1.0"
    read-chunk "^2.0.0"

av@^0.4.9, av@~0.4.0:
  version "0.4.9"
  resolved "https://registry.npmjs.org/av/-/av-0.4.9.tgz"
  integrity sha512-MvkT0k+co6o+zLMrBFFeVhYcG/S/jzy+2p00c/VwA71q6g90J28qUNh93NabKrcN06bkwFK0OeiEpFsQd7TS7g==
  dependencies:
    coffeeify "^0.6.0"
  optionalDependencies:
    speaker "^0.3.0"

aws-sign2@~0.6.0:
  version "0.6.0"
  resolved "https://registry.npmjs.org/aws-sign2/-/aws-sign2-0.6.0.tgz"
  integrity sha512-JnJpAS0p9RmixkOvW2XwDxxzs1bd4/VAGIl6Q0EC5YOo+p+hqIhtDhn/nmFnB/xUNXbLkpE2mOjgVIBRKD4xYw==

aws4@^1.2.1:
  version "1.6.0"
  resolved "https://registry.npmjs.org/aws4/-/aws4-1.6.0.tgz"
  integrity sha512-tkleq4Df8UWu/7xf/tfbo7t2vDa07bcONGnKhl0QXKQsh3fJ0yJ1M5wzpy8BtBSENQw/9VTsthMhLG+yXHfStQ==

balanced-match@^0.4.1:
  version "0.4.2"
  resolved "https://registry.npmjs.org/balanced-match/-/balanced-match-0.4.2.tgz"
  integrity sha512-STw03mQKnGUYtoNjmowo4F2cRmIIxYEGiMsjjwla/u5P1lxadj/05WkNaFjNiKTgJkj8KiXbgAiRTmcQRwQNtg==

bcrypt-pbkdf@^1.0.0:
  version "1.0.1"
  resolved "https://registry.npmjs.org/bcrypt-pbkdf/-/bcrypt-pbkdf-1.0.1.tgz"
  integrity sha512-vY4sOrSlpwNZXsinfJ0HpbSkFft4nhSVLeUrQ4j2ydGmBOiVY83aMJStJATBy0C3+XdaYa990kIA1qkC2mUq6g==
  dependencies:
    tweetnacl "^0.14.3"

boom@2.x.x:
  version "2.10.1"
  resolved "https://registry.npmjs.org/boom/-/boom-2.10.1.tgz"
  integrity sha512-KbiZEa9/vofNcVJXGwdWWn25reQ3V3dHBWbS07FTF3/TOehLnm9GEhJV4T6ZvGPkShRpmUqYwnaCrkj0mRnP6Q==
  dependencies:
    hoek "2.x.x"

brace-expansion@^1.0.0:
  version "1.1.7"
  resolved "https://registry.npmjs.org/brace-expansion/-/brace-expansion-1.1.7.tgz"
  integrity sha512-ebXXDR1wKKxJNfTM872trAU5hpKduCkTN37ipoxsh5yibWq8FfxiobiHuVlPFkspSSNhrxbPHbM4kGyDGdJ5mg==
  dependencies:
    balanced-match "^0.4.1"
    concat-map "0.0.1"

buffer-to-arraybuffer@latest:
  version "0.0.4"
  resolved "https://registry.npmjs.org/buffer-to-arraybuffer/-/buffer-to-arraybuffer-0.0.4.tgz"
  integrity sha512-/ON9xjCtPIO0uycXhHXHZ0CIu7hHA1UJUVro/nXYDfYHb+5vuMq4jOkvZ4QIeB6TClTxPVt9VayplwMyW1BZag==

caseless@~0.12.0:
  version "0.12.0"
  resolved "https://registry.npmjs.org/caseless/-/caseless-0.12.0.tgz"
  integrity sha512-4tYFyifaFfGacoiObjJegolkwSU4xQNGbVgUiNYVUxbQ2x2lUsFvY4hVgVzGiIe6WLOPqycWXA40l+PWsxthUw==

co@^4.6.0:
  version "4.6.0"
  resolved "https://registry.npmjs.org/co/-/co-4.6.0.tgz"
  integrity sha512-QVb0dM5HvG+uaxitm8wONl7jltx8dqhfU33DcqtOZcLSVIKSDDLDi7+0LbAKiyI8hD9u42m2YxXSkMGWThaecQ==

coffee-script@~1.7.0:
  version "1.7.1"
  resolved "https://registry.npmjs.org/coffee-script/-/coffee-script-1.7.1.tgz"
  integrity sha512-W3s+SROY73OmrSGtPTTW/2wp2rmW5vuh0/tUuCK1NvTuyzLOVPccIP9whmhZ4cYWcr2NJPNENZIFaAMkTD5G3w==
  dependencies:
    mkdirp "~0.3.5"

coffeeify@^0.6.0:
  version "0.6.0"
  resolved "https://registry.npmjs.org/coffeeify/-/coffeeify-0.6.0.tgz"
  integrity sha512-nt2rZwyeqLnzdbC15ZUBnQtokHLqNnbgfpUMYzAk1Pa33hObdtXnDV0SmTj2DWbzp47MpR87ix3uKHyutnzjsg==
  dependencies:
    coffee-script "~1.7.0"
    convert-source-map "~0.3.3"
    through "~2.3.4"

combined-stream@^1.0.5, combined-stream@~1.0.5:
  version "1.0.5"
  resolved "https://registry.npmjs.org/combined-stream/-/combined-stream-1.0.5.tgz"
  integrity sha512-JgSRe4l4UzPwpJuxfcPWEK1SCrL4dxNjp1uqrQLMop3QZUVo+hDU8w9BJKA4JPbulTWI+UzrI2UA3tK12yQ6bg==
  dependencies:
    delayed-stream "~1.0.0"

concat-map@0.0.1:
  version "0.0.1"
  resolved "https://registry.npmjs.org/concat-map/-/concat-map-0.0.1.tgz"
  integrity sha512-/Srv4dswyQNBfohGpz9o6Yb3Gz3SrUDqBH5rTuhGR7ahtlbYKnVxw2bCFMRljaA7EXHaXZ8wsHdodFvbkhKmqg==

convert-source-map@~0.3.3:
  version "0.3.5"
  resolved "https://registry.npmjs.org/convert-source-map/-/convert-source-map-0.3.5.tgz"
  integrity sha512-+4nRk0k3oEpwUB7/CalD7xE2z4VmtEnnq0GO2IPTkrooTrAhEsWvuLF5iWP1dXrwluki/azwXV1ve7gtYuPldg==

cryptiles@2.x.x:
  version "2.0.5"
  resolved "https://registry.npmjs.org/cryptiles/-/cryptiles-2.0.5.tgz"
  integrity sha512-FFN5KwpvvQTTS5hWPxrU8/QE4kQUc6uwZcrnlMBN82t1MgAtq8mnoDwINBly9Tdr02seeIIhtdF+UH1feBYGog==
  dependencies:
    boom "2.x.x"

dashdash@^1.12.0:
  version "1.14.1"
  resolved "https://registry.npmjs.org/dashdash/-/dashdash-1.14.1.tgz"
  integrity sha512-jRFi8UDGo6j+odZiEpjazZaWqEal3w/basFjQHQEwVtZJGDpxbH1MeYluwCS8Xq5wmLJooDlMgvVarmWfGM44g==
  dependencies:
    assert-plus "^1.0.0"

deep-equal@~1.0.1:
  version "1.0.1"
  resolved "https://registry.npmjs.org/deep-equal/-/deep-equal-1.0.1.tgz"
  integrity sha512-bHtC0iYvWhyaTzvV3CZgPeZQqCOBGyGsVV7v4eevpdkLHfiSrXUdBG+qAuSz4RI70sszvjQ1QSZ98An1yNwpSw==

define-properties@^1.1.2:
  version "1.1.2"
  resolved "https://registry.npmjs.org/define-properties/-/define-properties-1.1.2.tgz"
  integrity sha512-hpr5VSFXGamODSCN6P2zdSBY6zJT7DlcBAHiPIa2PWDvfBqJQntSK0ehUoHoS6HGeSS19dgj7E+1xOjfG3zEtQ==
  dependencies:
    foreach "^2.0.5"
    object-keys "^1.0.8"

defined@~1.0.0:
  version "1.0.0"
  resolved "https://registry.npmjs.org/defined/-/defined-1.0.0.tgz"
  integrity sha512-Y2caI5+ZwS5c3RiNDJ6u53VhQHv+hHKwhkI1iHvceKUHw9Df6EK2zRLfjejRgMuCuxK7PfSWIMwWecceVvThjQ==

delayed-stream@~1.0.0:
  version "1.0.0"
  resolved "https://registry.npmjs.org/delayed-stream/-/delayed-stream-1.0.0.tgz"
  integrity sha512-ZySD7Nf91aLB0RxL4KGrKHBXl7Eds1DAmEdcoVawXnLD7SDhpNgtuII2aAkg7a7QS41jxPSZ17p4VdGnMHk3MQ==

dom-walk@^0.1.0:
  version "0.1.1"
  resolved "https://registry.npmjs.org/dom-walk/-/dom-walk-0.1.1.tgz"
  integrity sha512-8CGZnLAdYN/o0SHjlP3nLvliHpi2f/prVU63/Hc4DTDpBgsNVAJekegjFtxfZ7NTUEDzHUByjX1gT3eYakIKqg==

ecc-jsbn@~0.1.1:
  version "0.1.1"
  resolved "https://registry.npmjs.org/ecc-jsbn/-/ecc-jsbn-0.1.1.tgz"
  integrity sha512-8Pvg9QY16SYajEL9W1Lk+9yM7XCK/MOq2wibslLZYAAEEkbAIO6mLkW+GFYbvvw8qTuDFzFMg40rS9IxkNCWPg==
  dependencies:
    jsbn "~0.1.0"

es-abstract@^1.5.0:
  version "1.7.0"
  resolved "https://registry.npmjs.org/es-abstract/-/es-abstract-1.7.0.tgz"
  integrity sha512-i6XNnPIsGv+/kQTyYVLOwwG3XYx29Ivzz6rE3tC8OSzt6Ic/h2IeHKR0RfoI2heIB61Yiv+qZFLuh1JiyZ9neg==
  dependencies:
    es-to-primitive "^1.1.1"
    function-bind "^1.1.0"
    is-callable "^1.1.3"
    is-regex "^1.0.3"

es-to-primitive@^1.1.1:
  version "1.1.1"
  resolved "https://registry.npmjs.org/es-to-primitive/-/es-to-primitive-1.1.1.tgz"
  integrity sha512-wXsac552n5sYhgVjyFvhXLunXZFPOiT/WgP7hFhUPU5gtaUQpm9OryPwlWQUS3Qptk8iZzY/2T3J62GtC/toSw==
  dependencies:
    is-callable "^1.1.1"
    is-date-object "^1.0.1"
    is-symbol "^1.0.1"

extend@~3.0.0:
  version "3.0.1"
  resolved "https://registry.npmjs.org/extend/-/extend-3.0.1.tgz"
  integrity sha512-u1aUSYGdAQxyguoP919qsgj24krDCtaO/DJFNPwFmojMmKp14gtCTVsc8lQSqRDFrwAch+mxMWC8/6ZJPz5Hpw==

extsprintf@1.0.2:
  version "1.0.2"
  resolved "https://registry.npmjs.org/extsprintf/-/extsprintf-1.0.2.tgz"
  integrity sha512-g21Br4ELmVaKCVSUSSTXecKG+MiLcHFoby5RPPUmfZdhQTontXUOPf0QK/TvreRjgItRiyO928zxR4TCrnuwmA==

flac@^0.3.0:
  version "0.3.0"
  resolved "https://registry.npmjs.org/flac/-/flac-0.3.0.tgz"
  integrity sha512-52oFJru3F/aELcnDwHtqDNXxruIZH7bE3vK6xQF4ALCelCZBXFggqPsPXPilVs9L242Iz1ROrbVX0UYXJMMinw==
  dependencies:
    abc "0.5.x"
    fsa "0.5.x"

for-each@~0.3.2:
  version "0.3.2"
  resolved "https://registry.npmjs.org/for-each/-/for-each-0.3.2.tgz"
  integrity sha512-EZEij37gJU2yEqysbZ2EcCrEtROFxG+qT1uTVfMnwnHsz9Z1yqkuSmZaYzyLY6P1VzlVPzP2C5HfUSC0CyxcMw==
  dependencies:
    is-function "~1.0.0"

foreach@^2.0.5:
  version "2.0.5"
  resolved "https://registry.npmjs.org/foreach/-/foreach-2.0.5.tgz"
  integrity sha512-ZBbtRiapkZYLsqoPyZOR+uPfto0GRMNQN1GwzZtZt7iZvPPbDDQV0JF5Hx4o/QFQ5c0vyuoZ98T8RSBbopzWtA==

forever-agent@~0.6.1:
  version "0.6.1"
  resolved "https://registry.npmjs.org/forever-agent/-/forever-agent-0.6.1.tgz"
  integrity sha512-j0KLYPhm6zeac4lz3oJ3o65qvgQCcPubiyotZrXqEaG4hNagNYO8qdlUrX5vwqv9ohqeT/Z3j6+yW067yWWdUw==

form-data@~2.1.1:
  version "2.1.4"
  resolved "https://registry.npmjs.org/form-data/-/form-data-2.1.4.tgz"
  integrity sha512-8HWGSLAPr+AG0hBpsqi5Ob8HrLStN/LWeqhpFl14d7FJgHK48TmgLoALPz69XSUR65YJzDfLUX/BM8+MLJLghQ==
  dependencies:
    asynckit "^0.4.0"
    combined-stream "^1.0.5"
    mime-types "^2.1.12"

fs.realpath@^1.0.0:
  version "1.0.0"
  resolved "https://registry.npmjs.org/fs.realpath/-/fs.realpath-1.0.0.tgz"
  integrity sha512-OO0pH2lK6a0hZnAdau5ItzHPI6pUlvI7jMVnxUQRtw4owF2wk8lOSabtGDCTP4Ggrg2MbGnWO9X8K1t4+fGMDw==

fsa@0.5.x:
  version "0.5.1"
  resolved "https://registry.npmjs.org/fsa/-/fsa-0.5.1.tgz"
  integrity sha512-HMdf0zJNXwP5dxROQb/ncUv+9BxuO4NM5R6/pSbUdfu5CUzMOg7+iP4tQUtBIv18PaScukzfxGIqLyJ3d9wg3Q==

function-bind@^1.0.2, function-bind@^1.1.0, function-bind@~1.1.0:
  version "1.1.0"
  resolved "https://registry.npmjs.org/function-bind/-/function-bind-1.1.0.tgz"
  integrity sha512-rdjNZR1BePD6g5bTgalqkSN9eMuHgB2KHOBupLM8f5TblXwiV8nSY31dygkdwLNFn1m2KAkjFsREUuLNcU1rdg==

getpass@^0.1.1:
  version "0.1.7"
  resolved "https://registry.npmjs.org/getpass/-/getpass-0.1.7.tgz"
  integrity sha512-0fzj9JxOLfJ+XGLhR8ze3unN0KZCgZwiSSDz168VERjK8Wl8kVSdcu2kspd4s4wtAa1y/qrVRiAA0WclVsu0ng==
  dependencies:
    assert-plus "^1.0.0"

glob@~7.1.1:
  version "7.1.1"
  resolved "https://registry.npmjs.org/glob/-/glob-7.1.1.tgz"
  integrity sha512-mRyN/EsN2SyNhKWykF3eEGhDpeNplMWaW18Bmh76tnOqk5TbELAVwFAYOCmKVssOYFrYvvLMguiA+NXO3ZTuVA==
  dependencies:
    fs.realpath "^1.0.0"
    inflight "^1.0.4"
    inherits "2"
    minimatch "^3.0.2"
    once "^1.3.0"
    path-is-absolute "^1.0.0"

global@^4.3.1:
  version "4.3.2"
  resolved "https://registry.npmjs.org/global/-/global-4.3.2.tgz"
  integrity sha512-/4AybdwIDU4HkCUbJkZdWpe4P6vuw/CUtu+0I1YlLIPe7OlUO7KNJ+q/rO70CW2/NW6Jc6I62++Hzsf5Alu6rQ==
  dependencies:
    min-document "^2.19.0"
    process "~0.5.1"

har-schema@^1.0.5:
  version "1.0.5"
  resolved "https://registry.npmjs.org/har-schema/-/har-schema-1.0.5.tgz"
  integrity sha512-f8xf2GOR6Rgwc9FPTLNzgwB+JQ2/zMauYXSWmX5YV5acex6VomT0ocSuwR7BfXo5MpHi+jL+saaux2fwsGJDKQ==

har-validator@~4.2.1:
  version "4.2.1"
  resolved "https://registry.npmjs.org/har-validator/-/har-validator-4.2.1.tgz"
  integrity sha512-5Gbp6RAftMYYV3UEI4c4Vv3+a4dQ7taVyvHt+/L6kRt+f4HX1GweAk5UDWN0SvdVnRBzGQ6OG89pGaD9uSFnVw==
  dependencies:
    ajv "^4.9.1"
    har-schema "^1.0.5"

has@^1.0.1, has@~1.0.1:
  version "1.0.1"
  resolved "https://registry.npmjs.org/has/-/has-1.0.1.tgz"
  integrity sha512-8wpov6mGFPJ/SYWGQIFo6t0yuNWoO9MkSq3flX8LhiGmbIUhDETp9knPMcIm0Xig1ybWsw6gq2w0gCz1JHD+Qw==
  dependencies:
    function-bind "^1.0.2"

hawk@~3.1.3:
  version "3.1.3"
  resolved "https://registry.npmjs.org/hawk/-/hawk-3.1.3.tgz"
  integrity sha512-X8xbmTc1cbPXcQV4WkLcRMALuyoxhfpFATmyuCxJPOAvrDS4DNnsTAOmKUxMTOWU6TzrTOkxPKwIx5ZOpJVSrg==
  dependencies:
    boom "2.x.x"
    cryptiles "2.x.x"
    hoek "2.x.x"
    sntp "1.x.x"

hoek@2.x.x:
  version "2.16.3"
  resolved "https://registry.npmjs.org/hoek/-/hoek-2.16.3.tgz"
  integrity sha512-V6Yw1rIcYV/4JsnggjBU0l4Kr+EXhpwqXRusENU1Xx6ro00IHPHYNynCuBTOZAPlr3AAmLvchH9I7N/VUdvOwQ==

http-signature@~1.1.0:
  version "1.1.1"
  resolved "https://registry.npmjs.org/http-signature/-/http-signature-1.1.1.tgz"
  integrity sha512-iUn0NcRULlDGtqNLN1Jxmzayk8ogm7NToldASyZBpM2qggbphjXzNOiw3piN8tgz+e/DRs6X5gAzFwTI6BCRcg==
  dependencies:
    assert-plus "^0.2.0"
    jsprim "^1.2.2"
    sshpk "^1.7.0"

inflight@^1.0.4:
  version "1.0.6"
  resolved "https://registry.npmjs.org/inflight/-/inflight-1.0.6.tgz"
  integrity sha512-k92I/b08q4wvFscXCLvqfsHCrjrF7yiXsQuIVvVE7N82W3+aqpzuUdBbfhWcy/FZR3/4IgflMgKLOsvPDrGCJA==
  dependencies:
    once "^1.3.0"
    wrappy "1"

inherits@~2.0.3, inherits@2:
  version "2.0.3"
  resolved "https://registry.npmjs.org/inherits/-/inherits-2.0.3.tgz"
  integrity sha512-x00IRNXNy63jwGkJmzPigoySHbaqpNuzKbBOmzK+g2OdZpQ9w+sxCN+VSB3ja7IAge2OP2qpfxTjeNcyjmW1uw==

is-absolute@^0.2.6:
  version "0.2.6"
  resolved "https://registry.npmjs.org/is-absolute/-/is-absolute-0.2.6.tgz"
  integrity sha512-7Kr05z5LkcOpoMvxHN1PC11WbPabdNFmMYYo0eZvWu3BfVS0T03yoqYDczoCBx17xqk2x1XAZrcKiFVL88jxlQ==
  dependencies:
    is-relative "^0.2.1"
    is-windows "^0.2.0"

is-audio-buffer@^1.0.1, is-audio-buffer@^1.0.8:
  version "1.0.8"
  resolved "https://registry.npmjs.org/is-audio-buffer/-/is-audio-buffer-1.0.8.tgz"
  integrity sha512-ltg7rdO1OoyS+2Z3BAvIg+//CezEQWT+FUUl8YSyWZbKaX+aEcWTHB2glkOFcPUSmIMyrr4Qd+2sJnAEGulG4g==
  dependencies:
    audio-buffer "^3.2.0"

is-browser@^2.0.1:
  version "2.0.1"
  resolved "https://registry.npmjs.org/is-browser/-/is-browser-2.0.1.tgz"
  integrity sha512-iMZxCYx2zVO3sR40Bp3LKP7nJQ3R2zVuPJJ2p2anmU6Ijl+L50v7c8Y+AVuIFMNkjZgbxgfLBcJgkoLCAOO48w==

is-buffer@^1.1.0, is-buffer@^1.1.4, is-buffer@^1.1.5:
  version "1.1.5"
  resolved "https://registry.npmjs.org/is-buffer/-/is-buffer-1.1.5.tgz"
  integrity sha512-miqftL8E53hH0dtQqLdN+3JwClyJiITcif3gy+RiUlnLJUhEwdyRC29/gpYbuC9IhazGSnP8TjbvxWw2AZylWQ==

is-callable@^1.1.1, is-callable@^1.1.3:
  version "1.1.3"
  resolved "https://registry.npmjs.org/is-callable/-/is-callable-1.1.3.tgz"
  integrity sha512-gcmUh1kFielP0yJSKD+A1aOPNlI8ZzruhHum+Geq6M3Ibx5JnwcsTJCktWj+reKIjjtefToy/u8YNRUZq4FHuQ==

is-date-object@^1.0.1:
  version "1.0.1"
  resolved "https://registry.npmjs.org/is-date-object/-/is-date-object-1.0.1.tgz"
  integrity sha512-P5rExV1phPi42ppoMWy7V63N3i173RY921l4JJ7zonMSxK+OWGPj76GD+cUKUb68l4vQXcJp2SsG+r/A4ABVzg==

is-flac@^1.1.0:
  version "1.1.2"
  resolved "https://registry.npmjs.org/is-flac/-/is-flac-1.1.2.tgz"
  integrity sha512-bMCyh610qy9IAHHHxqMskwTbTHipJLRdcjrNkQjlwMJgAiA5DyVkBXF545xX+n/PFdlmUtG/2wAEV4WmdiJyrQ==

is-function@~1.0.0:
  version "1.0.1"
  resolved "https://registry.npmjs.org/is-function/-/is-function-1.0.1.tgz"
  integrity sha512-coTeFCk0VaNTNO/FwMMaI30KOPOIkLp1q5M7dIVDn4Zop70KyGFZqXSgKClBisjrD3S2cVIuD7MD793/lyLGZQ==

is-m4a@^1.1.0:
  version "1.1.0"
  resolved "https://registry.npmjs.org/is-m4a/-/is-m4a-1.1.0.tgz"
  integrity sha512-8LPSOaBA4OvJYlxVUMKGckZeoJxd0VhTqkb7noLdbcwGJCaYce6KC4GFTcK8H1rmUeXcLcH2ywODpVLJSIbLtg==

is-mp3@^1.1.0:
  version "1.1.3"
  resolved "https://registry.npmjs.org/is-mp3/-/is-mp3-1.1.3.tgz"
  integrity sha512-s9jAf4qmxd8MCOE0BRLzs9uZMM+hWWkIHBkPFOLU5NPT0ooCOaINRQ8ePBKWsfh1jOZr7Y7zFXpWxtIKaJhn4w==

is-ogg@^1.1.0:
  version "1.1.2"
  resolved "https://registry.npmjs.org/is-ogg/-/is-ogg-1.1.2.tgz"
  integrity sha512-5xNx56wkCD/WtIq2Ykzw6UhwtAEMT1+3II61wMEKgHjkCcEraCfOJi/XaOZWXMXVO+cvdhAHHBCaJHgx5xLagg==

is-plain-obj@^1.1.0:
  version "1.1.0"
  resolved "https://registry.npmjs.org/is-plain-obj/-/is-plain-obj-1.1.0.tgz"
  integrity sha512-yvkRyxmFKEOQ4pNXCmJG5AEQNlXJS5LaONXo5/cLdTZdWvsZ1ioJEonLGAosKlMWE8lwUy/bJzMjcw8az73+Fg==

is-regex@^1.0.3:
  version "1.0.4"
  resolved "https://registry.npmjs.org/is-regex/-/is-regex-1.0.4.tgz"
  integrity sha512-WQgPrEkb1mPCWLSlLFuN1VziADSixANugwSkJfPRR73FNWIQQN+tR/t1zWfyES/Y9oag/XBtVsahFdfBku3Kyw==
  dependencies:
    has "^1.0.1"

is-relative@^0.2.1:
  version "0.2.1"
  resolved "https://registry.npmjs.org/is-relative/-/is-relative-0.2.1.tgz"
  integrity sha512-9AMzjRmLqcue629b4ezEVSK6kJsYJlUIhMcygmYORUgwUNJiavHcC3HkaGx0XYpyVKQSOqFbMEZmW42cY87sYw==
  dependencies:
    is-unc-path "^0.1.1"

is-symbol@^1.0.1:
  version "1.0.1"
  resolved "https://registry.npmjs.org/is-symbol/-/is-symbol-1.0.1.tgz"
  integrity sha512-Z1cLAG7dXM1vJv8mAGjA+XteO0YzYPwD473+qPAWKycNZxwCH/I56QIohKGYCZSB7j6tajrxi/FvOpAfqGhhRQ==

is-typedarray@^1.0.0, is-typedarray@~1.0.0:
  version "1.0.0"
  resolved "https://registry.npmjs.org/is-typedarray/-/is-typedarray-1.0.0.tgz"
  integrity sha512-cyA56iCMHAh5CdzjJIa4aohJyeO1YbwLi3Jc35MmRU6poroFjIGZzUzupGiRPOjgHg9TLu43xbpwXk523fMxKA==

is-unc-path@^0.1.1:
  version "0.1.2"
  resolved "https://registry.npmjs.org/is-unc-path/-/is-unc-path-0.1.2.tgz"
  integrity sha512-HhLc5VDMH4pu3oMtIuunz/DFQUIoR561kMME3U3Afhj8b7vH085vkIkemrz1kLXCEIuoMAmO3yVmafWdSbGW8w==
  dependencies:
    unc-path-regex "^0.1.0"

is-url@^1.2.2:
  version "1.2.2"
  resolved "https://registry.npmjs.org/is-url/-/is-url-1.2.2.tgz"
  integrity sha512-00QghlPl39UAMLrkxCdJSLeaMT5Y9LYmi2ZgS3HEcKFjeDHEqUY6x1Zv/Sp+TvyNSf424GvdC9lep/PIcprBDQ==

is-wav@^1.1.0:
  version "1.1.2"
  resolved "https://registry.npmjs.org/is-wav/-/is-wav-1.1.2.tgz"
  integrity sha512-gLOkWlnwd//lRpIhe2u3Ow3mMls/4DIvoLuXwfxpOd/JBuql099f0ZTxwxqHn9Lz+ZG+7ZIMKPyIKG3D7Fot7A==

is-windows@^0.2.0:
  version "0.2.0"
  resolved "https://registry.npmjs.org/is-windows/-/is-windows-0.2.0.tgz"
  integrity sha512-n67eJYmXbniZB7RF4I/FTjK1s6RPOCTxhYrVYLRaCt3lF0mpWZPKr3T2LSZAqyjQsxR2qMmGYXXzK0YWwcPM1Q==

isstream@~0.1.2:
  version "0.1.2"
  resolved "https://registry.npmjs.org/isstream/-/isstream-0.1.2.tgz"
  integrity sha512-Yljz7ffyPbrLpLngrMtZ7NduUgVvi6wG9RJ9IUcyCd59YQ911PBJphODUcbOVbqYfxe1wuYf/LJ8PauMRwsM/g==

jodid25519@^1.0.0:
  version "1.0.2"
  resolved "https://registry.npmjs.org/jodid25519/-/jodid25519-1.0.2.tgz"
  integrity sha512-b2Zna/wGIyTzi0Gemg27JYUaRyTyBETw5GnqyVQMr71uojOYMrgkD2+Px3bG2ZFi7/zTUXJSDoGoBOhMixq7tg==
  dependencies:
    jsbn "~0.1.0"

jsbn@~0.1.0:
  version "0.1.1"
  resolved "https://registry.npmjs.org/jsbn/-/jsbn-0.1.1.tgz"
  integrity sha512-UVU9dibq2JcFWxQPA6KCqj5O42VOmAY3zQUfEKxU0KpTGXwNoCjkX1e13eHNvw/xPynt6pU0rZ1htjWTNTSXsg==

json-schema@0.2.3:
  version "0.2.3"
  resolved "https://registry.npmjs.org/json-schema/-/json-schema-0.2.3.tgz"
  integrity sha512-a3xHnILGMtk+hDOqNwHzF6e2fNbiMrXZvxKQiEv2MlgQP+pjIOzqAmKYD2mDpXYE/44M7g+n9p2bKkYWDUcXCQ==

json-stable-stringify@^1.0.1:
  version "1.0.1"
  resolved "https://registry.npmjs.org/json-stable-stringify/-/json-stable-stringify-1.0.1.tgz"
  integrity sha512-i/J297TW6xyj7sDFa7AmBPkQvLIxWr2kKPWI26tXydnZrzVAocNqn5DMNT1Mzk0vit1V5UkRM7C1KdVNp7Lmcg==
  dependencies:
    jsonify "~0.0.0"

json-stringify-safe@~5.0.1:
  version "5.0.1"
  resolved "https://registry.npmjs.org/json-stringify-safe/-/json-stringify-safe-5.0.1.tgz"
  integrity sha512-ZClg6AaYvamvYEE82d3Iyd3vSSIjQ+odgjaTzRuO3s7toCdFKczob2i0zCh7JE8kWn17yvAWhUVxvqGwUalsRA==

jsonify@~0.0.0:
  version "0.0.0"
  resolved "https://registry.npmjs.org/jsonify/-/jsonify-0.0.0.tgz"
  integrity sha512-trvBk1ki43VZptdBI5rIlG4YOzyeH/WefQt5rj1grasPn4iiZWKet8nkgc4GlsAylaztn0qZfUYOiTsASJFdNA==

jsprim@^1.2.2:
  version "1.4.0"
  resolved "https://registry.npmjs.org/jsprim/-/jsprim-1.4.0.tgz"
  integrity sha512-OyKQuabgqUi2RUPauBrfZNoCb0KNoulf1DqQ07rUW2vzauzXAq/uUe7oDstV/2RavaxGn7NfcI/F2hrBk38Fbg==
  dependencies:
    assert-plus "1.0.0"
    extsprintf "1.0.2"
    json-schema "0.2.3"
    verror "1.3.6"

mime-db@~1.27.0:
  version "1.27.0"
  resolved "https://registry.npmjs.org/mime-db/-/mime-db-1.27.0.tgz"
  integrity sha512-DNhC90PjVkQJpLVP+ct0lmKPQWAHFy+67X8IBOx+mda/I9vsrdJO/zoyEJdQdLsofi/l8GAG+IsfB0XCPLyLHg==

mime-types@^2.1.12, mime-types@~2.1.7:
  version "2.1.15"
  resolved "https://registry.npmjs.org/mime-types/-/mime-types-2.1.15.tgz"
  integrity sha512-PjleM8evsL+OvsuE6EXom+8QAcSYALjmw+vYFqH8I+/+wNlewVgbM7/O1wcdCVL/ta8SC6l6BEK7A0/mZywpfg==
  dependencies:
    mime-db "~1.27.0"

min-document@^2.19.0:
  version "2.19.0"
  resolved "https://registry.npmjs.org/min-document/-/min-document-2.19.0.tgz"
  integrity sha512-9Wy1B3m3f66bPPmU5hdA4DR4PB2OfDU/+GS3yAB7IQozE3tqXaVv2zOjgla7MEGSRv95+ILmOuvhLkOK6wJtCQ==
  dependencies:
    dom-walk "^0.1.0"

minimatch@^3.0.2:
  version "3.0.3"
  resolved "https://registry.npmjs.org/minimatch/-/minimatch-3.0.3.tgz"
  integrity sha512-NyXjqu1IwcqH6nv5vmMtaG3iw7kdV3g6MwlUBZkc3Vn5b5AMIWYKfptvzipoyFfhlfOgBQ9zoTxQMravF1QTnw==
  dependencies:
    brace-expansion "^1.0.0"

minimist@~1.2.0:
  version "1.2.0"
  resolved "https://registry.npmjs.org/minimist/-/minimist-1.2.0.tgz"
  integrity sha512-7Wl+Jz+IGWuSdgsQEJ4JunV0si/iMhg42MnQQG6h1R6TNeVenp4U9x5CC5v/gYqz/fENLQITAWXidNtVL0NNbw==

mkdirp@~0.3.5:
  version "0.3.5"
  resolved "https://registry.npmjs.org/mkdirp/-/mkdirp-0.3.5.tgz"
  integrity sha512-8OCq0De/h9ZxseqzCH8Kw/Filf5pF/vMI6+BH7Lu0jXz2pqYCjTAQRolSxRIi+Ax+oCCjlxoJMP0YQ4XlrQNHg==

mp3@^0.1.0:
  version "0.1.0"
  resolved "https://registry.npmjs.org/mp3/-/mp3-0.1.0.tgz"
  integrity sha512-W9SQWAS8Gn7VvBHBSYnCIz2KAEzZccY+OAKJvO9JRRFBc0MfQ0icb7K4O9Sst/3SW1wcScC+zLNPYoiU6sSXww==

oauth-sign@~0.8.1:
  version "0.8.2"
  resolved "https://registry.npmjs.org/oauth-sign/-/oauth-sign-0.8.2.tgz"
  integrity sha512-VlF07iu3VV3+BTXj43Nmp6Irt/G7j/NgEctUS6IweH1RGhURjjCc2NWtzXFPXXWWfc7hgbXQdtiQu2LGp6MxUg==

object-assign@^4.1.1:
  version "4.1.1"
  resolved "https://registry.npmjs.org/object-assign/-/object-assign-4.1.1.tgz"
  integrity sha512-rJgTQnkUnH1sFw8yT6VSU3zD3sWmu6sZhIseY8VX+GRu3P6F7Fu+JNDoXfklElbLJSnc3FUQHVe4cU5hj+BcUg==

object-inspect@~1.2.1:
  version "1.2.2"
  resolved "https://registry.npmjs.org/object-inspect/-/object-inspect-1.2.2.tgz"
  integrity sha512-6txw4f05p1h+DpK15sLBejEVKLmtf9yCQ9BFa6U7xSinurwgBt0Awv/rG+389zbstgrkUEOnMeyBPdYWgrd86Q==

object-keys@^1.0.8:
  version "1.0.11"
  resolved "https://registry.npmjs.org/object-keys/-/object-keys-1.0.11.tgz"
  integrity sha512-I0jUsqFqmQFOIhQQFlW8QDuX3pVqUWkiiavYj8+TBiS7m+pM9hPCxSnYWqL1hHMBb7BbQ2HidT+6CZ8/BT/ilw==

once@^1.3.0:
  version "1.4.0"
  resolved "https://registry.npmjs.org/once/-/once-1.4.0.tgz"
  integrity sha512-lNaJgI+2Q5URQBkccEKHTQOPaXdUxnZZElQTZY0MFUAuaEqe1E+Nyvgdz/aIyNi6Z9MzO5dv1H8n58/GELp3+w==
  dependencies:
    wrappy "1"

path-is-absolute@^1.0.0:
  version "1.0.1"
  resolved "https://registry.npmjs.org/path-is-absolute/-/path-is-absolute-1.0.1.tgz"
  integrity sha512-AVbw3UJ2e9bq64vSaS9Am0fje1Pa8pbGqTTsmXfaIiMpnr5DlDhfJOuLj9Sf95ZPVDAUerDfEk88MPmPe7UCQg==

performance-now@^0.2.0:
  version "0.2.0"
  resolved "https://registry.npmjs.org/performance-now/-/performance-now-0.2.0.tgz"
  integrity sha512-YHk5ez1hmMR5LOkb9iJkLKqoBlL7WD5M8ljC75ZfzXriuBIVNuecaXuU7e+hOwyqf24Wxhh7Vxgt7Hnw9288Tg==

pify@^2.3.0:
  version "2.3.0"
  resolved "https://registry.npmjs.org/pify/-/pify-2.3.0.tgz"
  integrity sha512-udgsAY+fTnvv7kI7aaxbqwWNb0AHiB0qBO89PZKPkoTmGOgdbrHDKD+0B2X4uTfJ/FT1R09r9gTsjUjNJotuog==

process@~0.5.1:
  version "0.5.2"
  resolved "https://registry.npmjs.org/process/-/process-0.5.2.tgz"
  integrity sha512-oNpcutj+nYX2FjdEW7PGltWhXulAnFlM0My/k48L90hARCOJtvBbQXc/6itV2jDvU5xAAtonP+r6wmQgCcbAUA==

punycode@^1.4.1:
  version "1.4.1"
  resolved "https://registry.npmjs.org/punycode/-/punycode-1.4.1.tgz"
  integrity sha512-jmYNElW7yvO7TV33CjSmvSiE2yco3bV2czu/OzDKdMNVZQWfxCblURLhf+47syQRBntjfLdd/H0egrzIG+oaFQ==

qs@~6.4.0:
  version "6.4.0"
  resolved "https://registry.npmjs.org/qs/-/qs-6.4.0.tgz"
  integrity sha512-Qs6dfgR5OksK/PSxl1kGxiZgEQe8RqJMB9wZqVlKQfU+zzV+HY77pWJnoJENACKDQByWdpr8ZPIh1TBi4lpiSQ==

read-chunk@^2.0.0:
  version "2.0.0"
  resolved "https://registry.npmjs.org/read-chunk/-/read-chunk-2.0.0.tgz"
  integrity sha512-BGw3MzAQLMp9hvKcOkVQvsPj+ix3bU0u0+GMmjD4/jDlhxNF/9kjbubow1keY5n0xJyfLTPki8uERLr3crshwg==
  dependencies:
    pify "^2.3.0"

request@^2.74.0:
  version "2.81.0"
  resolved "https://registry.npmjs.org/request/-/request-2.81.0.tgz"
  integrity sha512-IZnsR7voF0miGSu29EXPRgPTuEsI/+aibNSBbN1pplrfartF5wDYGADz3iD9vmBVf2r00rckWZf8BtS5kk7Niw==
  dependencies:
    aws-sign2 "~0.6.0"
    aws4 "^1.2.1"
    caseless "~0.12.0"
    combined-stream "~1.0.5"
    extend "~3.0.0"
    forever-agent "~0.6.1"
    form-data "~2.1.1"
    har-validator "~4.2.1"
    hawk "~3.1.3"
    http-signature "~1.1.0"
    is-typedarray "~1.0.0"
    isstream "~0.1.2"
    json-stringify-safe "~5.0.1"
    mime-types "~2.1.7"
    oauth-sign "~0.8.1"
    performance-now "^0.2.0"
    qs "~6.4.0"
    safe-buffer "^5.0.1"
    stringstream "~0.0.4"
    tough-cookie "~2.3.0"
    tunnel-agent "^0.6.0"
    uuid "^3.0.0"

resolve@~1.1.7:
  version "1.1.7"
  resolved "https://registry.npmjs.org/resolve/-/resolve-1.1.7.tgz"
  integrity sha512-9znBF0vBcaSN3W2j7wKvdERPwqTxSpCq+if5C0WoTCyV9n24rua28jeuQ2pL/HOf+yUe/Mef+H/5p60K0Id3bg==

resumer@~0.0.0:
  version "0.0.0"
  resolved "https://registry.npmjs.org/resumer/-/resumer-0.0.0.tgz"
  integrity sha512-Fn9X8rX8yYF4m81rZCK/5VmrmsSbqS/i3rDLl6ZZHAXgC2nTAx3dhwG8q8odP/RmdLa2YrybDJaAMg+X1ajY3w==
  dependencies:
    through "~2.3.4"

safe-buffer@^5.0.1:
  version "5.0.1"
  resolved "https://registry.npmjs.org/safe-buffer/-/safe-buffer-5.0.1.tgz"
  integrity sha512-cr7dZWLwOeaFBLTIuZeYdkfO7UzGIKhjYENJFAxUOMKWGaWDm2nJM2rzxNRm5Owu0DH3ApwNo6kx5idXZfb/Iw==

sntp@1.x.x:
  version "1.0.9"
  resolved "https://registry.npmjs.org/sntp/-/sntp-1.0.9.tgz"
  integrity sha512-7bgVOAnPj3XjrKY577S+puCKGCRlUrcrEdsMeRXlg9Ghf5df/xNi6sONUa43WrHUd3TjJBF7O04jYoiY0FVa0A==
  dependencies:
    hoek "2.x.x"

sshpk@^1.7.0:
  version "1.13.0"
  resolved "https://registry.npmjs.org/sshpk/-/sshpk-1.13.0.tgz"
  integrity sha512-4pjoCmB+Vta6odJ3nrT2zf223+xW6mOJfYtHGX7n5CZUAVm6GhuHLbKeai3c0XoWCu6ZNyPo3Nf71CaUbgck2g==
  dependencies:
    asn1 "~0.2.3"
    assert-plus "^1.0.0"
    dashdash "^1.12.0"
    getpass "^0.1.1"
  optionalDependencies:
    bcrypt-pbkdf "^1.0.0"
    ecc-jsbn "~0.1.1"
    jodid25519 "^1.0.0"
    jsbn "~0.1.0"
    tweetnacl "~0.14.0"

string.prototype.trim@~1.1.2:
  version "1.1.2"
  resolved "https://registry.npmjs.org/string.prototype.trim/-/string.prototype.trim-1.1.2.tgz"
  integrity sha512-IlEfUereZQqIcv/LJFNPUygFkq0HJCQMnaDr5i+zyRXpeYvF4F8J8u4UFxXICLMY+O3SEfJeaye5AO5miS6a9g==
  dependencies:
    define-properties "^1.1.2"
    es-abstract "^1.5.0"
    function-bind "^1.0.2"

stringstream@~0.0.4:
  version "0.0.5"
  resolved "https://registry.npmjs.org/stringstream/-/stringstream-0.0.5.tgz"
  integrity sha512-QUQ1kThMjLRt4jA8lsn9lyIkE9bKafE7LDOL/nBBUY9Tfv2i3x1NAsVHG0uMCusFOWeeI6COhY/F20+avxRWSw==

tape@^4.6.3:
  version "4.6.3"
  resolved "https://registry.npmjs.org/tape/-/tape-4.6.3.tgz"
  integrity sha512-BGtx3i+1hFtw4n4J9TqVnh5CC3IHh0N2ydh95g25hNPbdLCz9RV+ouIdaw711aN1DuyBAq/ZrFrbyrFLV4vdUg==
  dependencies:
    deep-equal "~1.0.1"
    defined "~1.0.0"
    for-each "~0.3.2"
    function-bind "~1.1.0"
    glob "~7.1.1"
    has "~1.0.1"
    inherits "~2.0.3"
    minimist "~1.2.0"
    object-inspect "~1.2.1"
    resolve "~1.1.7"
    resumer "~0.0.0"
    string.prototype.trim "~1.1.2"
    through "~2.3.8"

through@~2.3.4, through@~2.3.8:
  version "2.3.8"
  resolved "https://registry.npmjs.org/through/-/through-2.3.8.tgz"
  integrity sha512-w89qg7PI8wAdvX60bMDP+bFoD5Dvhm9oLheFp5O4a2QF0cSBGsBX4qZmadPMvVqlLJBBci+WqGGOAPvcDeNSVg==

tough-cookie@~2.3.0:
  version "2.3.2"
  resolved "https://registry.npmjs.org/tough-cookie/-/tough-cookie-2.3.2.tgz"
  integrity sha512-42UXjmzk88F7URyg9wDV/dlQ7hXtl/SDV6xIMVdDq82cnDGQDyg8mI8xGBPOwpEfbhvrja6cJ8H1wr0xxykBKA==
  dependencies:
    punycode "^1.4.1"

tunnel-agent@^0.6.0:
  version "0.6.0"
  resolved "https://registry.npmjs.org/tunnel-agent/-/tunnel-agent-0.6.0.tgz"
  integrity sha512-McnNiV1l8RYeY8tBgEpuodCC1mLUdbSN+CYBL7kJsJNInOP8UjDDEwdk6Mw60vdLLrr5NHKZhMAOSrR2NZuQ+w==
  dependencies:
    safe-buffer "^5.0.1"

tweetnacl@^0.14.3, tweetnacl@~0.14.0:
  version "0.14.5"
  resolved "https://registry.npmjs.org/tweetnacl/-/tweetnacl-0.14.5.tgz"
  integrity sha512-KXXFFdAbFXY4geFIwoyNK+f5Z1b7swfXABfL7HXCmoIWMKU3dmS26672A4EeQtDzLKy7SXmfBu51JolvEKwtGA==

typedarray-to-buffer@^3.1.2:
  version "3.1.2"
  resolved "https://registry.npmjs.org/typedarray-to-buffer/-/typedarray-to-buffer-3.1.2.tgz"
  integrity sha512-W+ofv9JlfjO+MknIjrQVxVETdpMgTeBVOrQe38cN/J0148JSId54YbFkSciWPfFdt39fQeKBW4EVrgXpZhw/UQ==
  dependencies:
    is-typedarray "^1.0.0"

typescript@^5.3.3:
  version "5.3.3"
  resolved "https://registry.npmjs.org/typescript/-/typescript-5.3.3.tgz"
  integrity sha512-pXWcraxM0uxAS+tN0AG/BF2TyqmHO014Z070UsJ+pFvYuRSq8KH8DmWpnbXe0pEPDHXZV3FcAbJkijJ5oNEnWw==

unc-path-regex@^0.1.0:
  version "0.1.2"
  resolved "https://registry.npmjs.org/unc-path-regex/-/unc-path-regex-0.1.2.tgz"
  integrity sha512-eXL4nmJT7oCpkZsHZUOJo8hcX3GbsiDOa0Qu9F646fi8dT3XuSVopVqAcEiVzSKKH7UoDti23wNX3qGFxcW5Qg==

uuid@^3.0.0:
  version "3.0.1"
  resolved "https://registry.npmjs.org/uuid/-/uuid-3.0.1.tgz"
  integrity sha512-tyhM7iisckwwmyHVFcjTzISz/R1ss/bRudNgHFYsgeu7j4JbhRvjE+Hbcpr9y5xh+b+HxeFjuToDT4i9kQNrtA==

verror@1.3.6:
  version "1.3.6"
  resolved "https://registry.npmjs.org/verror/-/verror-1.3.6.tgz"
  integrity sha512-i8GFYwImt5D5B8CPpi2jrDTy/faq4OEW+NkOTLSKcIdPfdYJvWv3VZddDKl0ByvBe6cJ2s5Mm2XDtv5c2pj/Eg==
  dependencies:
    extsprintf "1.0.2"

wav-decoder@^1.1.0:
  version "1.1.0"
  resolved "https://registry.npmjs.org/wav-decoder/-/wav-decoder-1.1.0.tgz"
  integrity sha512-Z6erBhpn4pqzo/13T6j+aNwA3ySwsjBogDKnfFHjlwwqn8fjWXR3zT+b0Qlu7w3cMDhzXNG1ESbtJcMC6s5rKg==

wrappy@1:
  version "1.0.2"
  resolved "https://registry.npmjs.org/wrappy/-/wrappy-1.0.2.tgz"
  integrity sha512-l4Sp/DRseor9wL6EvV2+TuQn63dMkPjZ/sp9XkghTEbV9KlPS1xUsZ3u7/IQO4wxtcFB4bgpQPRcR3QCvezPcQ==
